
Microsoft Visual Studio Solution File, Format Version 12.00
# Visual Studio Version 17
VisualStudioVersion = 17.4.33213.308
MinimumVisualStudioVersion = 10.0.40219.1
Project("{FAE04EC0-301F-11D3-BF4B-00C04F79EFBC}") = "DefaultMessager.ChatAPI", "DefaultMessager.ChatAPI\DefaultMessager.ChatAPI.csproj", "{7E31B2D8-AB36-489D-8EED-AC31657B05FC}"
EndProject
Global
	GlobalSection(SolutionConfigurationPlatforms) = preSolution
		Debug|Any CPU = Debug|Any CPU
		Release|Any CPU = Release|Any CPU
	EndGlobalSection
	GlobalSection(ProjectConfigurationPlatforms) = postSolution
		{7E31B2D8-AB36-489D-8EED-AC31657B05FC}.Debug|Any CPU.ActiveCfg = Debug|Any CPU
		{7E31B2D8-AB36-489D-8EED-AC31657B05FC}.Debug|Any CPU.Build.0 = Debug|Any CPU
		{7E31B2D8-AB36-489D-8EED-AC31657B05FC}.Release|Any CPU.ActiveCfg = Release|Any CPU
		{7E31B2D8-AB36-489D-8EED-AC31657B05FC}.Release|Any CPU.Build.0 = Release|Any CPU
	EndGlobalSection
	GlobalSection(SolutionProperties) = preSolution
		HideSolutionNode = FALSE
	EndGlobalSection
	GlobalSection(ExtensibilityGlobals) = postSolution
		SolutionGuid = {2E671CB3-DD14-4F8A-ACEE-92F4CA4C5A62}
	EndGlobalSection
EndGlobal
