
Microsoft Visual Studio Solution File, Format Version 12.00
# Visual Studio Version 17
VisualStudioVersion = 17.4.33213.308
MinimumVisualStudioVersion = 10.0.40219.1
Project("{9A19103F-16F7-4668-BE54-9A1E7A4F7556}") = "DefaultMessager", "DefaultMessager\DefaultMessager.csproj", "{8B761D49-87E9-4F06-B37A-142C3517F2E9}"
EndProject
Project("{9A19103F-16F7-4668-BE54-9A1E7A4F7556}") = "DefaultMessager.Tests", "DefaultMessager.Tests\DefaultMessager.Tests.csproj", "{482F497E-4F86-451C-A5CF-6BD467C22B3B}"
EndProject
Project("{9A19103F-16F7-4668-BE54-9A1E7A4F7556}") = "DefaultMessager.Domain", "DefaultMessager.Domain\DefaultMessager.Domain.csproj", "{0E706B82-1F10-4D4E-9E45-93A5F1D6B311}"
EndProject
Project("{9A19103F-16F7-4668-BE54-9A1E7A4F7556}") = "DefaultMessager.DAL", "DefaultMessager.DAL\DefaultMessager.DAL.csproj", "{9E6A6139-5C60-4235-9424-5CC6038D27FB}"
EndProject
Project("{9A19103F-16F7-4668-BE54-9A1E7A4F7556}") = "DefaultMessager.BLL", "DefaultMessager.BLL\DefaultMessager.BLL.csproj", "{E60D2937-4D9F-4214-8EE6-CFA00632E824}"
EndProject
Project("{9A19103F-16F7-4668-BE54-9A1E7A4F7556}") = "DefaultMessager.ChatAPI", "DefaultMessager.ChatAPI\DefaultMessager.ChatAPI\DefaultMessager.ChatAPI.csproj", "{699DE233-162E-4ECA-ABF9-BDE305EA1C7C}"
EndProject
Project("{E53339B2-1760-4266-BCC7-CA923CBCF16C}") = "docker-compose", "docker-compose.dcproj", "{6341BE46-E4D5-42FC-BE25-0F34A10452B8}"
EndProject
Global
	GlobalSection(SolutionConfigurationPlatforms) = preSolution
		Debug|Any CPU = Debug|Any CPU
		Release|Any CPU = Release|Any CPU
	EndGlobalSection
	GlobalSection(ProjectConfigurationPlatforms) = postSolution
		{8B761D49-87E9-4F06-B37A-142C3517F2E9}.Debug|Any CPU.ActiveCfg = Debug|Any CPU
		{8B761D49-87E9-4F06-B37A-142C3517F2E9}.Debug|Any CPU.Build.0 = Debug|Any CPU
		{8B761D49-87E9-4F06-B37A-142C3517F2E9}.Release|Any CPU.ActiveCfg = Release|Any CPU
		{8B761D49-87E9-4F06-B37A-142C3517F2E9}.Release|Any CPU.Build.0 = Release|Any CPU
		{482F497E-4F86-451C-A5CF-6BD467C22B3B}.Debug|Any CPU.ActiveCfg = Debug|Any CPU
		{482F497E-4F86-451C-A5CF-6BD467C22B3B}.Debug|Any CPU.Build.0 = Debug|Any CPU
		{482F497E-4F86-451C-A5CF-6BD467C22B3B}.Release|Any CPU.ActiveCfg = Release|Any CPU
		{482F497E-4F86-451C-A5CF-6BD467C22B3B}.Release|Any CPU.Build.0 = Release|Any CPU
		{0E706B82-1F10-4D4E-9E45-93A5F1D6B311}.Debug|Any CPU.ActiveCfg = Debug|Any CPU
		{0E706B82-1F10-4D4E-9E45-93A5F1D6B311}.Debug|Any CPU.Build.0 = Debug|Any CPU
		{0E706B82-1F10-4D4E-9E45-93A5F1D6B311}.Release|Any CPU.ActiveCfg = Release|Any CPU
		{0E706B82-1F10-4D4E-9E45-93A5F1D6B311}.Release|Any CPU.Build.0 = Release|Any CPU
		{9E6A6139-5C60-4235-9424-5CC6038D27FB}.Debug|Any CPU.ActiveCfg = Debug|Any CPU
		{9E6A6139-5C60-4235-9424-5CC6038D27FB}.Debug|Any CPU.Build.0 = Debug|Any CPU
		{9E6A6139-5C60-4235-9424-5CC6038D27FB}.Release|Any CPU.ActiveCfg = Release|Any CPU
		{9E6A6139-5C60-4235-9424-5CC6038D27FB}.Release|Any CPU.Build.0 = Release|Any CPU
		{E60D2937-4D9F-4214-8EE6-CFA00632E824}.Debug|Any CPU.ActiveCfg = Debug|Any CPU
		{E60D2937-4D9F-4214-8EE6-CFA00632E824}.Debug|Any CPU.Build.0 = Debug|Any CPU
		{E60D2937-4D9F-4214-8EE6-CFA00632E824}.Release|Any CPU.ActiveCfg = Release|Any CPU
		{E60D2937-4D9F-4214-8EE6-CFA00632E824}.Release|Any CPU.Build.0 = Release|Any CPU
		{699DE233-162E-4ECA-ABF9-BDE305EA1C7C}.Debug|Any CPU.ActiveCfg = Debug|Any CPU
		{699DE233-162E-4ECA-ABF9-BDE305EA1C7C}.Debug|Any CPU.Build.0 = Debug|Any CPU
		{699DE233-162E-4ECA-ABF9-BDE305EA1C7C}.Release|Any CPU.ActiveCfg = Release|Any CPU
		{699DE233-162E-4ECA-ABF9-BDE305EA1C7C}.Release|Any CPU.Build.0 = Release|Any CPU
		{6341BE46-E4D5-42FC-BE25-0F34A10452B8}.Debug|Any CPU.ActiveCfg = Debug|Any CPU
		{6341BE46-E4D5-42FC-BE25-0F34A10452B8}.Debug|Any CPU.Build.0 = Debug|Any CPU
		{6341BE46-E4D5-42FC-BE25-0F34A10452B8}.Release|Any CPU.ActiveCfg = Release|Any CPU
		{6341BE46-E4D5-42FC-BE25-0F34A10452B8}.Release|Any CPU.Build.0 = Release|Any CPU
	EndGlobalSection
	GlobalSection(SolutionProperties) = preSolution
		HideSolutionNode = FALSE
	EndGlobalSection
	GlobalSection(ExtensibilityGlobals) = postSolution
		SolutionGuid = {203768C9-FF7C-4FF7-943E-49411EA62407}
	EndGlobalSection
EndGlobal
